
Microsoft Visual Studio Solution File, Format Version 12.00
# Visual Studio Version 16
VisualStudioVersion = 16.0.30709.132
MinimumVisualStudioVersion = 10.0.40219.1
Project("{FAE04EC0-301F-11D3-BF4B-00C04F79EFBC}") = "MssqlTestApp", "MssqlTestApp\MssqlTestApp.csproj", "{D69D1141-A9D4-4685-83C3-3D082277D016}"
EndProject
Global
	GlobalSection(SolutionConfigurationPlatforms) = preSolution
		Debug|Any CPU = Debug|Any CPU
		Release|Any CPU = Release|Any CPU
	EndGlobalSection
	GlobalSection(ProjectConfigurationPlatforms) = postSolution
		{D69D1141-A9D4-4685-83C3-3D082277D016}.Debug|Any CPU.ActiveCfg = Debug|Any CPU
		{D69D1141-A9D4-4685-83C3-3D082277D016}.Debug|Any CPU.Build.0 = Debug|Any CPU
		{D69D1141-A9D4-4685-83C3-3D082277D016}.Release|Any CPU.ActiveCfg = Release|Any CPU
		{D69D1141-A9D4-4685-83C3-3D082277D016}.Release|Any CPU.Build.0 = Release|Any CPU
	EndGlobalSection
	GlobalSection(SolutionProperties) = preSolution
		HideSolutionNode = FALSE
	EndGlobalSection
	GlobalSection(ExtensibilityGlobals) = postSolution
		SolutionGuid = {A2DBFBDD-169E-40ED-8CFA-E73705CA1608}
	EndGlobalSection
EndGlobal
